
Microsoft Visual Studio Solution File, Format Version 12.00
# Visual Studio 2013
VisualStudioVersion = 12.0.40629.0
MinimumVisualStudioVersion = 10.0.40219.1
Project("{FAE04EC0-301F-11D3-BF4B-00C04F79EFBC}") = "RoomM.Repositories", "RoomM.Repositories\RoomM.Repositories.csproj", "{61FAA63A-110F-42FB-A273-6362F5730E68}"
EndProject
Project("{FAE04EC0-301F-11D3-BF4B-00C04F79EFBC}") = "RoomM.WebApp", "RoomM.WebApp\RoomM.WebApp.csproj", "{9B5CF9B6-E3A5-4100-ADEC-0B2AA821A495}"
EndProject
Project("{FAE04EC0-301F-11D3-BF4B-00C04F79EFBC}") = "RoomM.Models", "RoomM.Models\RoomM.Models.csproj", "{A2CD9EA0-9E0C-4B0A-87F5-9BADDC4F9422}"
EndProject
Project("{FAE04EC0-301F-11D3-BF4B-00C04F79EFBC}") = "RoomM.WebService", "RoomM.WebService\RoomM.WebService.csproj", "{5BF3ED16-67B2-432E-AFB9-AFCB8ED78555}"
EndProject
Project("{FAE04EC0-301F-11D3-BF4B-00C04F79EFBC}") = "RoomM.WebServiceTest", "RoomM.WebServiceTest\RoomM.WebServiceTest.csproj", "{8070BF28-A73D-4AC6-9068-58CC7BD98206}"
	ProjectSection(ProjectDependencies) = postProject
		{5BF3ED16-67B2-432E-AFB9-AFCB8ED78555} = {5BF3ED16-67B2-432E-AFB9-AFCB8ED78555}
	EndProjectSection
EndProject
Project("{FAE04EC0-301F-11D3-BF4B-00C04F79EFBC}") = "RoomM.DeskApp", "RoomM.DeskApp\RoomM.DeskApp.csproj", "{5EC56C8B-1681-489B-A9EA-F1F69A4560BC}"
EndProject
Project("{FAE04EC0-301F-11D3-BF4B-00C04F79EFBC}") = "RoomM.DeskAppClient", "RoomM.DeskAppClient\RoomM.DeskAppClient.csproj", "{ACE832E1-0DA9-4EBF-8572-D88A74CA4289}"
	ProjectSection(ProjectDependencies) = postProject
		{5BF3ED16-67B2-432E-AFB9-AFCB8ED78555} = {5BF3ED16-67B2-432E-AFB9-AFCB8ED78555}
	EndProjectSection
EndProject
Project("{FAE04EC0-301F-11D3-BF4B-00C04F79EFBC}") = "RoomM.WebAppClient", "RoomM.WebAppClient\RoomM.WebAppClient.csproj", "{93C0C9AF-4007-4355-9688-8B6856880A45}"
EndProject
Project("{FAE04EC0-301F-11D3-BF4B-00C04F79EFBC}") = "RoomM.SelfHost", "RoomM.SelfHost\RoomM.SelfHost.csproj", "{499E2C7A-1D7B-4C1E-A33B-4B23FB14E53B}"
EndProject
Global
	GlobalSection(SolutionConfigurationPlatforms) = preSolution
		Debug|Any CPU = Debug|Any CPU
		Release|Any CPU = Release|Any CPU
	EndGlobalSection
	GlobalSection(ProjectConfigurationPlatforms) = postSolution
		{61FAA63A-110F-42FB-A273-6362F5730E68}.Debug|Any CPU.ActiveCfg = Debug|Any CPU
		{61FAA63A-110F-42FB-A273-6362F5730E68}.Debug|Any CPU.Build.0 = Debug|Any CPU
		{61FAA63A-110F-42FB-A273-6362F5730E68}.Release|Any CPU.ActiveCfg = Release|Any CPU
		{61FAA63A-110F-42FB-A273-6362F5730E68}.Release|Any CPU.Build.0 = Release|Any CPU
		{9B5CF9B6-E3A5-4100-ADEC-0B2AA821A495}.Debug|Any CPU.ActiveCfg = Debug|Any CPU
		{9B5CF9B6-E3A5-4100-ADEC-0B2AA821A495}.Debug|Any CPU.Build.0 = Debug|Any CPU
		{9B5CF9B6-E3A5-4100-ADEC-0B2AA821A495}.Release|Any CPU.ActiveCfg = Release|Any CPU
		{9B5CF9B6-E3A5-4100-ADEC-0B2AA821A495}.Release|Any CPU.Build.0 = Release|Any CPU
		{A2CD9EA0-9E0C-4B0A-87F5-9BADDC4F9422}.Debug|Any CPU.ActiveCfg = Debug|Any CPU
		{A2CD9EA0-9E0C-4B0A-87F5-9BADDC4F9422}.Debug|Any CPU.Build.0 = Debug|Any CPU
		{A2CD9EA0-9E0C-4B0A-87F5-9BADDC4F9422}.Release|Any CPU.ActiveCfg = Release|Any CPU
		{A2CD9EA0-9E0C-4B0A-87F5-9BADDC4F9422}.Release|Any CPU.Build.0 = Release|Any CPU
		{5BF3ED16-67B2-432E-AFB9-AFCB8ED78555}.Debug|Any CPU.ActiveCfg = Debug|Any CPU
		{5BF3ED16-67B2-432E-AFB9-AFCB8ED78555}.Debug|Any CPU.Build.0 = Debug|Any CPU
		{5BF3ED16-67B2-432E-AFB9-AFCB8ED78555}.Release|Any CPU.ActiveCfg = Release|Any CPU
		{5BF3ED16-67B2-432E-AFB9-AFCB8ED78555}.Release|Any CPU.Build.0 = Release|Any CPU
		{8070BF28-A73D-4AC6-9068-58CC7BD98206}.Debug|Any CPU.ActiveCfg = Debug|Any CPU
		{8070BF28-A73D-4AC6-9068-58CC7BD98206}.Debug|Any CPU.Build.0 = Debug|Any CPU
		{8070BF28-A73D-4AC6-9068-58CC7BD98206}.Release|Any CPU.ActiveCfg = Release|Any CPU
		{8070BF28-A73D-4AC6-9068-58CC7BD98206}.Release|Any CPU.Build.0 = Release|Any CPU
		{5EC56C8B-1681-489B-A9EA-F1F69A4560BC}.Debug|Any CPU.ActiveCfg = Debug|Any CPU
		{5EC56C8B-1681-489B-A9EA-F1F69A4560BC}.Debug|Any CPU.Build.0 = Debug|Any CPU
		{5EC56C8B-1681-489B-A9EA-F1F69A4560BC}.Release|Any CPU.ActiveCfg = Release|Any CPU
		{5EC56C8B-1681-489B-A9EA-F1F69A4560BC}.Release|Any CPU.Build.0 = Release|Any CPU
		{ACE832E1-0DA9-4EBF-8572-D88A74CA4289}.Debug|Any CPU.ActiveCfg = Debug|Any CPU
		{ACE832E1-0DA9-4EBF-8572-D88A74CA4289}.Debug|Any CPU.Build.0 = Debug|Any CPU
		{ACE832E1-0DA9-4EBF-8572-D88A74CA4289}.Release|Any CPU.ActiveCfg = Release|Any CPU
		{ACE832E1-0DA9-4EBF-8572-D88A74CA4289}.Release|Any CPU.Build.0 = Release|Any CPU
		{93C0C9AF-4007-4355-9688-8B6856880A45}.Debug|Any CPU.ActiveCfg = Debug|Any CPU
		{93C0C9AF-4007-4355-9688-8B6856880A45}.Debug|Any CPU.Build.0 = Debug|Any CPU
		{93C0C9AF-4007-4355-9688-8B6856880A45}.Release|Any CPU.ActiveCfg = Release|Any CPU
		{93C0C9AF-4007-4355-9688-8B6856880A45}.Release|Any CPU.Build.0 = Release|Any CPU
		{499E2C7A-1D7B-4C1E-A33B-4B23FB14E53B}.Debug|Any CPU.ActiveCfg = Debug|Any CPU
		{499E2C7A-1D7B-4C1E-A33B-4B23FB14E53B}.Debug|Any CPU.Build.0 = Debug|Any CPU
		{499E2C7A-1D7B-4C1E-A33B-4B23FB14E53B}.Release|Any CPU.ActiveCfg = Release|Any CPU
		{499E2C7A-1D7B-4C1E-A33B-4B23FB14E53B}.Release|Any CPU.Build.0 = Release|Any CPU
	EndGlobalSection
	GlobalSection(SolutionProperties) = preSolution
		HideSolutionNode = FALSE
	EndGlobalSection
	GlobalSection(SubversionScc) = preSolution
		Svn-Managed = True
		Manager = AnkhSVN - Subversion Support for Visual Studio
	EndGlobalSection
EndGlobal
